// !$*UTF8*$!
{
	archiveVersion = 1;
	classes = {
	};
	objectVersion = 46;
	objects = {

/* Begin PBXBuildFile section */
		C98DE90C23F7B31900A3A287 /* CwlDemangleAdditionalTests.swift in Sources */ = {isa = PBXBuildFile; fileRef = C98DE90B23F7B31900A3A287 /* CwlDemangleAdditionalTests.swift */; };
		C9A6CE261FBBED8700F9D9A5 /* CwlDemangle.swift in Sources */ = {isa = PBXBuildFile; fileRef = C9A6CE251FBBED8700F9D9A5 /* CwlDemangle.swift */; };
		C9A6CE271FBBEE1800F9D9A5 /* CwlDemangle.swift in Sources */ = {isa = PBXBuildFile; fileRef = C9A6CE251FBBED8700F9D9A5 /* CwlDemangle.swift */; };
		C9E054DE1CD4AE3F001658AB /* main.swift in Sources */ = {isa = PBXBuildFile; fileRef = C9E054DD1CD4AE3F001658AB /* main.swift */; };
		C9E054E71CD4B2F2001658AB /* manglings.txt in CopyFiles */ = {isa = PBXBuildFile; fileRef = C9E054E61CD4B2DF001658AB /* manglings.txt */; };
		C9E054EF1CD4DDA1001658AB /* CwlDemangleSwiftProjectDerivedTests.swift in Sources */ = {isa = PBXBuildFile; fileRef = C9E054EE1CD4DDA1001658AB /* CwlDemangleSwiftProjectDerivedTests.swift */; };
/* End PBXBuildFile section */

/* Begin PBXCopyFilesBuildPhase section */
		C9E054D81CD4AE3F001658AB /* CopyFiles */ = {
			isa = PBXCopyFilesBuildPhase;
			buildActionMask = 12;
			dstPath = "";
			dstSubfolderSpec = 16;
			files = (
				C9E054E71CD4B2F2001658AB /* manglings.txt in CopyFiles */,
			);
			runOnlyForDeploymentPostprocessing = 0;
		};
/* End PBXCopyFilesBuildPhase section */

/* Begin PBXFileReference section */
		C98DE90B23F7B31900A3A287 /* CwlDemangleAdditionalTests.swift */ = {isa = PBXFileReference; lastKnownFileType = sourcecode.swift; path = CwlDemangleAdditionalTests.swift; sourceTree = "<group>"; };
		C9A6CE251FBBED8700F9D9A5 /* CwlDemangle.swift */ = {isa = PBXFileReference; lastKnownFileType = sourcecode.swift; path = CwlDemangle.swift; sourceTree = "<group>"; };
		C9E054DA1CD4AE3F001658AB /* CwlDemangle */ = {isa = PBXFileReference; explicitFileType = "compiled.mach-o.executable"; includeInIndex = 0; path = CwlDemangle; sourceTree = BUILT_PRODUCTS_DIR; };
		C9E054DD1CD4AE3F001658AB /* main.swift */ = {isa = PBXFileReference; lastKnownFileType = sourcecode.swift; path = main.swift; sourceTree = "<group>"; };
		C9E054E61CD4B2DF001658AB /* manglings.txt */ = {isa = PBXFileReference; fileEncoding = 4; lastKnownFileType = text; path = manglings.txt; sourceTree = "<group>"; };
		C9E054EC1CD4DDA1001658AB /* CwlDemangleTests.xctest */ = {isa = PBXFileReference; explicitFileType = wrapper.cfbundle; includeInIndex = 0; path = CwlDemangleTests.xctest; sourceTree = BUILT_PRODUCTS_DIR; };
		C9E054EE1CD4DDA1001658AB /* CwlDemangleSwiftProjectDerivedTests.swift */ = {isa = PBXFileReference; lastKnownFileType = sourcecode.swift; path = CwlDemangleSwiftProjectDerivedTests.swift; sourceTree = "<group>"; };
		C9E054F01CD4DDA1001658AB /* Info.plist */ = {isa = PBXFileReference; lastKnownFileType = text.plist.xml; path = Info.plist; sourceTree = "<group>"; };
/* End PBXFileReference section */

/* Begin PBXFrameworksBuildPhase section */
		C9E054D71CD4AE3F001658AB /* Frameworks */ = {
			isa = PBXFrameworksBuildPhase;
			buildActionMask = 2147483647;
			files = (
			);
			runOnlyForDeploymentPostprocessing = 0;
		};
		C9E054E91CD4DDA1001658AB /* Frameworks */ = {
			isa = PBXFrameworksBuildPhase;
			buildActionMask = 2147483647;
			files = (
			);
			runOnlyForDeploymentPostprocessing = 0;
		};
/* End PBXFrameworksBuildPhase section */

/* Begin PBXGroup section */
		C9E054D11CD4AE3F001658AB = {
			isa = PBXGroup;
			children = (
				C9E054DC1CD4AE3F001658AB /* CwlDemangle */,
				C9E054ED1CD4DDA1001658AB /* CwlDemangleTests */,
				C9E054DB1CD4AE3F001658AB /* Products */,
			);
			sourceTree = "<group>";
		};
		C9E054DB1CD4AE3F001658AB /* Products */ = {
			isa = PBXGroup;
			children = (
				C9E054DA1CD4AE3F001658AB /* CwlDemangle */,
				C9E054EC1CD4DDA1001658AB /* CwlDemangleTests.xctest */,
			);
			name = Products;
			sourceTree = "<group>";
		};
		C9E054DC1CD4AE3F001658AB /* CwlDemangle */ = {
			isa = PBXGroup;
			children = (
				C9A6CE251FBBED8700F9D9A5 /* CwlDemangle.swift */,
				C9E054DD1CD4AE3F001658AB /* main.swift */,
				C9E054E61CD4B2DF001658AB /* manglings.txt */,
			);
			path = CwlDemangle;
			sourceTree = "<group>";
		};
		C9E054ED1CD4DDA1001658AB /* CwlDemangleTests */ = {
			isa = PBXGroup;
			children = (
				C9E054EE1CD4DDA1001658AB /* CwlDemangleSwiftProjectDerivedTests.swift */,
				C98DE90B23F7B31900A3A287 /* CwlDemangleAdditionalTests.swift */,
				C9E054F01CD4DDA1001658AB /* Info.plist */,
			);
			path = CwlDemangleTests;
			sourceTree = "<group>";
		};
/* End PBXGroup section */

/* Begin PBXNativeTarget section */
		C9E054D91CD4AE3F001658AB /* CwlDemangle */ = {
			isa = PBXNativeTarget;
			buildConfigurationList = C9E054E11CD4AE3F001658AB /* Build configuration list for PBXNativeTarget "CwlDemangle" */;
			buildPhases = (
				C9E054D61CD4AE3F001658AB /* Sources */,
				C9E054D71CD4AE3F001658AB /* Frameworks */,
				C9E054D81CD4AE3F001658AB /* CopyFiles */,
			);
			buildRules = (
			);
			dependencies = (
			);
			name = CwlDemangle;
			productName = CwlDemangle;
			productReference = C9E054DA1CD4AE3F001658AB /* CwlDemangle */;
			productType = "com.apple.product-type.tool";
		};
		C9E054EB1CD4DDA1001658AB /* CwlDemangleTests */ = {
			isa = PBXNativeTarget;
			buildConfigurationList = C9E054F11CD4DDA1001658AB /* Build configuration list for PBXNativeTarget "CwlDemangleTests" */;
			buildPhases = (
				C9E054E81CD4DDA1001658AB /* Sources */,
				C9E054E91CD4DDA1001658AB /* Frameworks */,
				C9E054EA1CD4DDA1001658AB /* Resources */,
			);
			buildRules = (
			);
			dependencies = (
			);
			name = CwlDemangleTests;
			productName = CwlDemangleTests;
			productReference = C9E054EC1CD4DDA1001658AB /* CwlDemangleTests.xctest */;
			productType = "com.apple.product-type.bundle.unit-test";
		};
/* End PBXNativeTarget section */

/* Begin PBXProject section */
		C9E054D21CD4AE3F001658AB /* Project object */ = {
			isa = PBXProject;
			attributes = {
				LastSwiftUpdateCheck = 0730;
				LastUpgradeCheck = 1200;
				ORGANIZATIONNAME = "Matt Gallagher";
				TargetAttributes = {
					C9E054D91CD4AE3F001658AB = {
						CreatedOnToolsVersion = 7.3;
						LastSwiftMigration = 1130;
					};
					C9E054EB1CD4DDA1001658AB = {
						CreatedOnToolsVersion = 7.3;
						LastSwiftMigration = 1130;
					};
				};
			};
			buildConfigurationList = C9E054D51CD4AE3F001658AB /* Build configuration list for PBXProject "CwlDemangle" */;
			compatibilityVersion = "Xcode 3.2";
			developmentRegion = en;
			hasScannedForEncodings = 0;
			knownRegions = (
				Base,
				en,
			);
			mainGroup = C9E054D11CD4AE3F001658AB;
			productRefGroup = C9E054DB1CD4AE3F001658AB /* Products */;
			projectDirPath = "";
			projectRoot = "";
			targets = (
				C9E054D91CD4AE3F001658AB /* CwlDemangle */,
				C9E054EB1CD4DDA1001658AB /* CwlDemangleTests */,
			);
		};
/* End PBXProject section */

/* Begin PBXResourcesBuildPhase section */
		C9E054EA1CD4DDA1001658AB /* Resources */ = {
			isa = PBXResourcesBuildPhase;
			buildActionMask = 2147483647;
			files = (
			);
			runOnlyForDeploymentPostprocessing = 0;
		};
/* End PBXResourcesBuildPhase section */

/* Begin PBXSourcesBuildPhase section */
		C9E054D61CD4AE3F001658AB /* Sources */ = {
			isa = PBXSourcesBuildPhase;
			buildActionMask = 2147483647;
			files = (
				C9E054DE1CD4AE3F001658AB /* main.swift in Sources */,
				C9A6CE261FBBED8700F9D9A5 /* CwlDemangle.swift in Sources */,
			);
			runOnlyForDeploymentPostprocessing = 0;
		};
		C9E054E81CD4DDA1001658AB /* Sources */ = {
			isa = PBXSourcesBuildPhase;
			buildActionMask = 2147483647;
			files = (
				C9A6CE271FBBEE1800F9D9A5 /* CwlDemangle.swift in Sources */,
				C98DE90C23F7B31900A3A287 /* CwlDemangleAdditionalTests.swift in Sources */,
				C9E054EF1CD4DDA1001658AB /* CwlDemangleSwiftProjectDerivedTests.swift in Sources */,
			);
			runOnlyForDeploymentPostprocessing = 0;
		};
/* End PBXSourcesBuildPhase section */

/* Begin XCBuildConfiguration section */
		C9E054DF1CD4AE3F001658AB /* Debug */ = {
			isa = XCBuildConfiguration;
			buildSettings = {
				ALWAYS_SEARCH_USER_PATHS = NO;
				CLANG_ANALYZER_NONNULL = YES;
				CLANG_CXX_LANGUAGE_STANDARD = "gnu++0x";
				CLANG_CXX_LIBRARY = "libc++";
				CLANG_ENABLE_MODULES = YES;
				CLANG_ENABLE_OBJC_ARC = YES;
				CLANG_WARN_BLOCK_CAPTURE_AUTORELEASING = YES;
				CLANG_WARN_BOOL_CONVERSION = YES;
				CLANG_WARN_COMMA = YES;
				CLANG_WARN_CONSTANT_CONVERSION = YES;
				CLANG_WARN_DEPRECATED_OBJC_IMPLEMENTATIONS = YES;
				CLANG_WARN_DIRECT_OBJC_ISA_USAGE = YES_ERROR;
				CLANG_WARN_EMPTY_BODY = YES;
				CLANG_WARN_ENUM_CONVERSION = YES;
				CLANG_WARN_INFINITE_RECURSION = YES;
				CLANG_WARN_INT_CONVERSION = YES;
				CLANG_WARN_NON_LITERAL_NULL_CONVERSION = YES;
				CLANG_WARN_OBJC_IMPLICIT_RETAIN_SELF = YES;
				CLANG_WARN_OBJC_LITERAL_CONVERSION = YES;
				CLANG_WARN_OBJC_ROOT_CLASS = YES_ERROR;
				CLANG_WARN_QUOTED_INCLUDE_IN_FRAMEWORK_HEADER = YES;
				CLANG_WARN_RANGE_LOOP_ANALYSIS = YES;
				CLANG_WARN_STRICT_PROTOTYPES = YES;
				CLANG_WARN_SUSPICIOUS_MOVE = YES;
				CLANG_WARN_UNREACHABLE_CODE = YES;
				CLANG_WARN__DUPLICATE_METHOD_MATCH = YES;
				CODE_SIGN_IDENTITY = "-";
				COPY_PHASE_STRIP = NO;
				DEBUG_INFORMATION_FORMAT = dwarf;
				ENABLE_STRICT_OBJC_MSGSEND = YES;
				ENABLE_TESTABILITY = YES;
				GCC_C_LANGUAGE_STANDARD = gnu99;
				GCC_DYNAMIC_NO_PIC = NO;
				GCC_NO_COMMON_BLOCKS = YES;
				GCC_OPTIMIZATION_LEVEL = 0;
				GCC_PREPROCESSOR_DEFINITIONS = (
					"DEBUG=1",
					"$(inherited)",
				);
				GCC_WARN_64_TO_32_BIT_CONVERSION = YES;
				GCC_WARN_ABOUT_RETURN_TYPE = YES_ERROR;
				GCC_WARN_UNDECLARED_SELECTOR = YES;
				GCC_WARN_UNINITIALIZED_AUTOS = YES_AGGRESSIVE;
				GCC_WARN_UNUSED_FUNCTION = YES;
				GCC_WARN_UNUSED_VARIABLE = YES;
				MACOSX_DEPLOYMENT_TARGET = 10.11;
				MTL_ENABLE_DEBUG_INFO = YES;
				ONLY_ACTIVE_ARCH = YES;
				SDKROOT = macosx;
				SWIFT_OPTIMIZATION_LEVEL = "-Onone";
				SWIFT_VERSION = 4.2;
			};
			name = Debug;
		};
		C9E054E01CD4AE3F001658AB /* Release */ = {
			isa = XCBuildConfiguration;
			buildSettings = {
				ALWAYS_SEARCH_USER_PATHS = NO;
				CLANG_ANALYZER_NONNULL = YES;
				CLANG_CXX_LANGUAGE_STANDARD = "gnu++0x";
				CLANG_CXX_LIBRARY = "libc++";
				CLANG_ENABLE_MODULES = YES;
				CLANG_ENABLE_OBJC_ARC = YES;
				CLANG_WARN_BLOCK_CAPTURE_AUTORELEASING = YES;
				CLANG_WARN_BOOL_CONVERSION = YES;
				CLANG_WARN_COMMA = YES;
				CLANG_WARN_CONSTANT_CONVERSION = YES;
				CLANG_WARN_DEPRECATED_OBJC_IMPLEMENTATIONS = YES;
				CLANG_WARN_DIRECT_OBJC_ISA_USAGE = YES_ERROR;
				CLANG_WARN_EMPTY_BODY = YES;
				CLANG_WARN_ENUM_CONVERSION = YES;
				CLANG_WARN_INFINITE_RECURSION = YES;
				CLANG_WARN_INT_CONVERSION = YES;
				CLANG_WARN_NON_LITERAL_NULL_CONVERSION = YES;
				CLANG_WARN_OBJC_IMPLICIT_RETAIN_SELF = YES;
				CLANG_WARN_OBJC_LITERAL_CONVERSION = YES;
				CLANG_WARN_OBJC_ROOT_CLASS = YES_ERROR;
				CLANG_WARN_QUOTED_INCLUDE_IN_FRAMEWORK_HEADER = YES;
				CLANG_WARN_RANGE_LOOP_ANALYSIS = YES;
				CLANG_WARN_STRICT_PROTOTYPES = YES;
				CLANG_WARN_SUSPICIOUS_MOVE = YES;
				CLANG_WARN_UNREACHABLE_CODE = YES;
				CLANG_WARN__DUPLICATE_METHOD_MATCH = YES;
				CODE_SIGN_IDENTITY = "-";
				COPY_PHASE_STRIP = NO;
				DEBUG_INFORMATION_FORMAT = "dwarf-with-dsym";
				ENABLE_NS_ASSERTIONS = NO;
				ENABLE_STRICT_OBJC_MSGSEND = YES;
				GCC_C_LANGUAGE_STANDARD = gnu99;
				GCC_NO_COMMON_BLOCKS = YES;
				GCC_WARN_64_TO_32_BIT_CONVERSION = YES;
				GCC_WARN_ABOUT_RETURN_TYPE = YES_ERROR;
				GCC_WARN_UNDECLARED_SELECTOR = YES;
				GCC_WARN_UNINITIALIZED_AUTOS = YES_AGGRESSIVE;
				GCC_WARN_UNUSED_FUNCTION = YES;
				GCC_WARN_UNUSED_VARIABLE = YES;
				MACOSX_DEPLOYMENT_TARGET = 10.11;
				MTL_ENABLE_DEBUG_INFO = NO;
				SDKROOT = macosx;
				SWIFT_VERSION = 4.2;
			};
			name = Release;
		};
		C9E054E21CD4AE3F001658AB /* Debug */ = {
			isa = XCBuildConfiguration;
			buildSettings = {
				CODE_SIGN_IDENTITY = "-";
				PRODUCT_NAME = "$(TARGET_NAME)";
				SWIFT_VERSION = 5.0;
			};
			name = Debug;
		};
		C9E054E31CD4AE3F001658AB /* Release */ = {
			isa = XCBuildConfiguration;
			buildSettings = {
				CODE_SIGN_IDENTITY = "-";
				PRODUCT_NAME = "$(TARGET_NAME)";
				SWIFT_OPTIMIZATION_LEVEL = "-Owholemodule";
				SWIFT_VERSION = 5.0;
			};
			name = Release;
		};
		C9E054F21CD4DDA1001658AB /* Debug */ = {
			isa = XCBuildConfiguration;
			buildSettings = {
				COMBINE_HIDPI_IMAGES = YES;
				INFOPLIST_FILE = CwlDemangleTests/Info.plist;
				LD_RUNPATH_SEARCH_PATHS = "$(inherited) @executable_path/../Frameworks @loader_path/../Frameworks";
				PRODUCT_BUNDLE_IDENTIFIER = com.cocoawithlove.CwlDemangleTests;
				PRODUCT_NAME = "$(TARGET_NAME)";
				SWIFT_VERSION = 5.0;
			};
			name = Debug;
		};
		C9E054F31CD4DDA1001658AB /* Release */ = {
			isa = XCBuildConfiguration;
			buildSettings = {
				COMBINE_HIDPI_IMAGES = YES;
				INFOPLIST_FILE = CwlDemangleTests/Info.plist;
				LD_RUNPATH_SEARCH_PATHS = "$(inherited) @executable_path/../Frameworks @loader_path/../Frameworks";
				PRODUCT_BUNDLE_IDENTIFIER = com.cocoawithlove.CwlDemangleTests;
				PRODUCT_NAME = "$(TARGET_NAME)";
				SWIFT_OPTIMIZATION_LEVEL = "-Owholemodule";
				SWIFT_VERSION = 5.0;
			};
			name = Release;
		};
/* End XCBuildConfiguration section */

/* Begin XCConfigurationList section */
		C9E054D51CD4AE3F001658AB /* Build configuration list for PBXProject "CwlDemangle" */ = {
			isa = XCConfigurationList;
			buildConfigurations = (
				C9E054DF1CD4AE3F001658AB /* Debug */,
				C9E054E01CD4AE3F001658AB /* Release */,
			);
			defaultConfigurationIsVisible = 0;
			defaultConfigurationName = Release;
		};
		C9E054E11CD4AE3F001658AB /* Build configuration list for PBXNativeTarget "CwlDemangle" */ = {
			isa = XCConfigurationList;
			buildConfigurations = (
				C9E054E21CD4AE3F001658AB /* Debug */,
				C9E054E31CD4AE3F001658AB /* Release */,
			);
			defaultConfigurationIsVisible = 0;
			defaultConfigurationName = Release;
		};
		C9E054F11CD4DDA1001658AB /* Build configuration list for PBXNativeTarget "CwlDemangleTests" */ = {
			isa = XCConfigurationList;
			buildConfigurations = (
				C9E054F21CD4DDA1001658AB /* Debug */,
				C9E054F31CD4DDA1001658AB /* Release */,
			);
			defaultConfigurationIsVisible = 0;
			defaultConfigurationName = Release;
		};
/* End XCConfigurationList section */
	};
	rootObject = C9E054D21CD4AE3F001658AB /* Project object */;
}
